// !$*UTF8*$!
{
	archiveVersion = 1;
	classes = {
	};
	objectVersion = 55;
	objects = {

/* Begin PBXBuildFile section */
		763AA0B328E97CE10060E9A4 /* 2-1.c in Sources */ = {isa = PBXBuildFile; fileRef = 763AA0B228E97CE10060E9A4 /* 2-1.c */; };
		76597B70292107FE00F1561B /* 9.c in Sources */ = {isa = PBXBuildFile; fileRef = 76597B6F292107FE00F1561B /* 9.c */; };
		76CDFDA52905656500C8BE5B /* 8장 실습-1.c in Sources */ = {isa = PBXBuildFile; fileRef = 76CDFDA42905656500C8BE5B /* 8장 실습-1.c */; };
		76CDFDA7290567F700C8BE5B /* 8장 실습-2.c in Sources */ = {isa = PBXBuildFile; fileRef = 76CDFDA6290567F700C8BE5B /* 8장 실습-2.c */; };
		76CDFDA92905769000C8BE5B /* Bubble_Sort.c in Sources */ = {isa = PBXBuildFile; fileRef = 76CDFDA82905769000C8BE5B /* Bubble_Sort.c */; };
		76DEA30028E02AD9006C3D06 /* main.c in Sources */ = {isa = PBXBuildFile; fileRef = 76DEA2FF28E02AD9006C3D06 /* main.c */; };
		76DEA30828E02B3E006C3D06 /* 1-1.c in Sources */ = {isa = PBXBuildFile; fileRef = 76DEA30728E02B3E006C3D06 /* 1-1.c */; };
		76DEA30B28E02D10006C3D06 /* 1-2.c in Sources */ = {isa = PBXBuildFile; fileRef = 76DEA30A28E02D10006C3D06 /* 1-2.c */; };
/* End PBXBuildFile section */

/* Begin PBXCopyFilesBuildPhase section */
		76DEA2FA28E02AD9006C3D06 /* CopyFiles */ = {
			isa = PBXCopyFilesBuildPhase;
			buildActionMask = 2147483647;
			dstPath = /usr/share/man/man1/;
			dstSubfolderSpec = 0;
			files = (
			);
			runOnlyForDeploymentPostprocessing = 1;
		};
/* End PBXCopyFilesBuildPhase section */

/* Begin PBXFileReference section */
		763AA0B228E97CE10060E9A4 /* 2-1.c */ = {isa = PBXFileReference; lastKnownFileType = sourcecode.c.c; path = "2-1.c"; sourceTree = "<group>"; };
		76597B6F292107FE00F1561B /* 9.c */ = {isa = PBXFileReference; lastKnownFileType = sourcecode.c.c; path = 9.c; sourceTree = "<group>"; };
		76CDFDA42905656500C8BE5B /* 8장 실습-1.c */ = {isa = PBXFileReference; lastKnownFileType = sourcecode.c.c; path = "8장 실습-1.c"; sourceTree = "<group>"; };
		76CDFDA6290567F700C8BE5B /* 8장 실습-2.c */ = {isa = PBXFileReference; lastKnownFileType = sourcecode.c.c; path = "8장 실습-2.c"; sourceTree = "<group>"; };
		76CDFDA82905769000C8BE5B /* Bubble_Sort.c */ = {isa = PBXFileReference; lastKnownFileType = sourcecode.c.c; path = Bubble_Sort.c; sourceTree = "<group>"; };
		76DEA2FC28E02AD9006C3D06 /* Practice */ = {isa = PBXFileReference; explicitFileType = "compiled.mach-o.executable"; includeInIndex = 0; path = Practice; sourceTree = BUILT_PRODUCTS_DIR; };
		76DEA2FF28E02AD9006C3D06 /* main.c */ = {isa = PBXFileReference; lastKnownFileType = sourcecode.c.c; path = main.c; sourceTree = "<group>"; };
		76DEA30728E02B3E006C3D06 /* 1-1.c */ = {isa = PBXFileReference; lastKnownFileType = sourcecode.c.c; path = "1-1.c"; sourceTree = "<group>"; };
		76DEA30A28E02D10006C3D06 /* 1-2.c */ = {isa = PBXFileReference; lastKnownFileType = sourcecode.c.c; path = "1-2.c"; sourceTree = "<group>"; };
/* End PBXFileReference section */

/* Begin PBXFrameworksBuildPhase section */
		76DEA2F928E02AD9006C3D06 /* Frameworks */ = {
			isa = PBXFrameworksBuildPhase;
			buildActionMask = 2147483647;
			files = (
			);
			runOnlyForDeploymentPostprocessing = 0;
		};
/* End PBXFrameworksBuildPhase section */

/* Begin PBXGroup section */
		76DEA2F328E02AD9006C3D06 = {
			isa = PBXGroup;
			children = (
				76DEA2FE28E02AD9006C3D06 /* Practice */,
				76DEA2FD28E02AD9006C3D06 /* Products */,
			);
			sourceTree = "<group>";
		};
		76DEA2FD28E02AD9006C3D06 /* Products */ = {
			isa = PBXGroup;
			children = (
				76DEA2FC28E02AD9006C3D06 /* Practice */,
			);
			name = Products;
			sourceTree = "<group>";
		};
		76DEA2FE28E02AD9006C3D06 /* Practice */ = {
			isa = PBXGroup;
			children = (
				76DEA2FF28E02AD9006C3D06 /* main.c */,
				76CDFDA82905769000C8BE5B /* Bubble_Sort.c */,
				76DEA30728E02B3E006C3D06 /* 1-1.c */,
				76DEA30A28E02D10006C3D06 /* 1-2.c */,
				763AA0B228E97CE10060E9A4 /* 2-1.c */,
				76CDFDA42905656500C8BE5B /* 8장 실습-1.c */,
				76CDFDA6290567F700C8BE5B /* 8장 실습-2.c */,
				76597B6F292107FE00F1561B /* 9.c */,
			);
			path = Practice;
			sourceTree = "<group>";
		};
/* End PBXGroup section */

/* Begin PBXNativeTarget section */
		76DEA2FB28E02AD9006C3D06 /* Practice */ = {
			isa = PBXNativeTarget;
			buildConfigurationList = 76DEA30328E02AD9006C3D06 /* Build configuration list for PBXNativeTarget "Practice" */;
			buildPhases = (
				76DEA2F828E02AD9006C3D06 /* Sources */,
				76DEA2F928E02AD9006C3D06 /* Frameworks */,
				76DEA2FA28E02AD9006C3D06 /* CopyFiles */,
			);
			buildRules = (
			);
			dependencies = (
			);
			name = Practice;
			productName = Practice;
			productReference = 76DEA2FC28E02AD9006C3D06 /* Practice */;
			productType = "com.apple.product-type.tool";
		};
/* End PBXNativeTarget section */

/* Begin PBXProject section */
		76DEA2F428E02AD9006C3D06 /* Project object */ = {
			isa = PBXProject;
			attributes = {
				BuildIndependentTargetsInParallel = 1;
				LastUpgradeCheck = 1340;
				TargetAttributes = {
					76DEA2FB28E02AD9006C3D06 = {
						CreatedOnToolsVersion = 13.4.1;
					};
				};
			};
			buildConfigurationList = 76DEA2F728E02AD9006C3D06 /* Build configuration list for PBXProject "Practice" */;
			compatibilityVersion = "Xcode 13.0";
			developmentRegion = en;
			hasScannedForEncodings = 0;
			knownRegions = (
				en,
				Base,
			);
			mainGroup = 76DEA2F328E02AD9006C3D06;
			productRefGroup = 76DEA2FD28E02AD9006C3D06 /* Products */;
			projectDirPath = "";
			projectRoot = "";
			targets = (
				76DEA2FB28E02AD9006C3D06 /* Practice */,
			);
		};
/* End PBXProject section */

/* Begin PBXSourcesBuildPhase section */
		76DEA2F828E02AD9006C3D06 /* Sources */ = {
			isa = PBXSourcesBuildPhase;
			buildActionMask = 2147483647;
			files = (
				76DEA30B28E02D10006C3D06 /* 1-2.c in Sources */,
				76DEA30028E02AD9006C3D06 /* main.c in Sources */,
				76CDFDA52905656500C8BE5B /* 8장 실습-1.c in Sources */,
				76CDFDA7290567F700C8BE5B /* 8장 실습-2.c in Sources */,
				763AA0B328E97CE10060E9A4 /* 2-1.c in Sources */,
				76597B70292107FE00F1561B /* 9.c in Sources */,
				76DEA30828E02B3E006C3D06 /* 1-1.c in Sources */,
				76CDFDA92905769000C8BE5B /* Bubble_Sort.c in Sources */,
			);
			runOnlyForDeploymentPostprocessing = 0;
		};
/* End PBXSourcesBuildPhase section */

/* Begin XCBuildConfiguration section */
		76DEA30128E02AD9006C3D06 /* Debug */ = {
			isa = XCBuildConfiguration;
			buildSettings = {
				ALWAYS_SEARCH_USER_PATHS = NO;
				CLANG_ANALYZER_NONNULL = YES;
				CLANG_ANALYZER_NUMBER_OBJECT_CONVERSION = YES_AGGRESSIVE;
				CLANG_CXX_LANGUAGE_STANDARD = "gnu++17";
				CLANG_ENABLE_MODULES = YES;
				CLANG_ENABLE_OBJC_ARC = YES;
				CLANG_ENABLE_OBJC_WEAK = YES;
				CLANG_WARN_BLOCK_CAPTURE_AUTORELEASING = YES;
				CLANG_WARN_BOOL_CONVERSION = YES;
				CLANG_WARN_COMMA = YES;
				CLANG_WARN_CONSTANT_CONVERSION = YES;
				CLANG_WARN_DEPRECATED_OBJC_IMPLEMENTATIONS = YES;
				CLANG_WARN_DIRECT_OBJC_ISA_USAGE = YES_ERROR;
				CLANG_WARN_DOCUMENTATION_COMMENTS = YES;
				CLANG_WARN_EMPTY_BODY = YES;
				CLANG_WARN_ENUM_CONVERSION = YES;
				CLANG_WARN_INFINITE_RECURSION = YES;
				CLANG_WARN_INT_CONVERSION = YES;
				CLANG_WARN_NON_LITERAL_NULL_CONVERSION = YES;
				CLANG_WARN_OBJC_IMPLICIT_RETAIN_SELF = YES;
				CLANG_WARN_OBJC_LITERAL_CONVERSION = YES;
				CLANG_WARN_OBJC_ROOT_CLASS = YES_ERROR;
				CLANG_WARN_QUOTED_INCLUDE_IN_FRAMEWORK_HEADER = YES;
				CLANG_WARN_RANGE_LOOP_ANALYSIS = YES;
				CLANG_WARN_STRICT_PROTOTYPES = YES;
				CLANG_WARN_SUSPICIOUS_MOVE = YES;
				CLANG_WARN_UNGUARDED_AVAILABILITY = YES_AGGRESSIVE;
				CLANG_WARN_UNREACHABLE_CODE = YES;
				CLANG_WARN__DUPLICATE_METHOD_MATCH = YES;
				COPY_PHASE_STRIP = NO;
				DEBUG_INFORMATION_FORMAT = dwarf;
				ENABLE_STRICT_OBJC_MSGSEND = YES;
				ENABLE_TESTABILITY = YES;
				GCC_C_LANGUAGE_STANDARD = gnu11;
				GCC_DYNAMIC_NO_PIC = NO;
				GCC_NO_COMMON_BLOCKS = YES;
				GCC_OPTIMIZATION_LEVEL = 0;
				GCC_PREPROCESSOR_DEFINITIONS = (
					"DEBUG=1",
					"$(inherited)",
				);
				GCC_WARN_64_TO_32_BIT_CONVERSION = YES;
				GCC_WARN_ABOUT_RETURN_TYPE = YES_ERROR;
				GCC_WARN_UNDECLARED_SELECTOR = YES;
				GCC_WARN_UNINITIALIZED_AUTOS = YES_AGGRESSIVE;
				GCC_WARN_UNUSED_FUNCTION = YES;
				GCC_WARN_UNUSED_VARIABLE = YES;
				MACOSX_DEPLOYMENT_TARGET = 12.3;
				MTL_ENABLE_DEBUG_INFO = INCLUDE_SOURCE;
				MTL_FAST_MATH = YES;
				ONLY_ACTIVE_ARCH = YES;
				SDKROOT = macosx;
			};
			name = Debug;
		};
		76DEA30228E02AD9006C3D06 /* Release */ = {
			isa = XCBuildConfiguration;
			buildSettings = {
				ALWAYS_SEARCH_USER_PATHS = NO;
				CLANG_ANALYZER_NONNULL = YES;
				CLANG_ANALYZER_NUMBER_OBJECT_CONVERSION = YES_AGGRESSIVE;
				CLANG_CXX_LANGUAGE_STANDARD = "gnu++17";
				CLANG_ENABLE_MODULES = YES;
				CLANG_ENABLE_OBJC_ARC = YES;
				CLANG_ENABLE_OBJC_WEAK = YES;
				CLANG_WARN_BLOCK_CAPTURE_AUTORELEASING = YES;
				CLANG_WARN_BOOL_CONVERSION = YES;
				CLANG_WARN_COMMA = YES;
				CLANG_WARN_CONSTANT_CONVERSION = YES;
				CLANG_WARN_DEPRECATED_OBJC_IMPLEMENTATIONS = YES;
				CLANG_WARN_DIRECT_OBJC_ISA_USAGE = YES_ERROR;
				CLANG_WARN_DOCUMENTATION_COMMENTS = YES;
				CLANG_WARN_EMPTY_BODY = YES;
				CLANG_WARN_ENUM_CONVERSION = YES;
				CLANG_WARN_INFINITE_RECURSION = YES;
				CLANG_WARN_INT_CONVERSION = YES;
				CLANG_WARN_NON_LITERAL_NULL_CONVERSION = YES;
				CLANG_WARN_OBJC_IMPLICIT_RETAIN_SELF = YES;
				CLANG_WARN_OBJC_LITERAL_CONVERSION = YES;
				CLANG_WARN_OBJC_ROOT_CLASS = YES_ERROR;
				CLANG_WARN_QUOTED_INCLUDE_IN_FRAMEWORK_HEADER = YES;
				CLANG_WARN_RANGE_LOOP_ANALYSIS = YES;
				CLANG_WARN_STRICT_PROTOTYPES = YES;
				CLANG_WARN_SUSPICIOUS_MOVE = YES;
				CLANG_WARN_UNGUARDED_AVAILABILITY = YES_AGGRESSIVE;
				CLANG_WARN_UNREACHABLE_CODE = YES;
				CLANG_WARN__DUPLICATE_METHOD_MATCH = YES;
				COPY_PHASE_STRIP = NO;
				DEBUG_INFORMATION_FORMAT = "dwarf-with-dsym";
				ENABLE_NS_ASSERTIONS = NO;
				ENABLE_STRICT_OBJC_MSGSEND = YES;
				GCC_C_LANGUAGE_STANDARD = gnu11;
				GCC_NO_COMMON_BLOCKS = YES;
				GCC_WARN_64_TO_32_BIT_CONVERSION = YES;
				GCC_WARN_ABOUT_RETURN_TYPE = YES_ERROR;
				GCC_WARN_UNDECLARED_SELECTOR = YES;
				GCC_WARN_UNINITIALIZED_AUTOS = YES_AGGRESSIVE;
				GCC_WARN_UNUSED_FUNCTION = YES;
				GCC_WARN_UNUSED_VARIABLE = YES;
				MACOSX_DEPLOYMENT_TARGET = 12.3;
				MTL_ENABLE_DEBUG_INFO = NO;
				MTL_FAST_MATH = YES;
				SDKROOT = macosx;
			};
			name = Release;
		};
		76DEA30428E02AD9006C3D06 /* Debug */ = {
			isa = XCBuildConfiguration;
			buildSettings = {
				CODE_SIGN_STYLE = Automatic;
				DEVELOPMENT_TEAM = Y7PRM9H29K;
				ENABLE_HARDENED_RUNTIME = YES;
				PRODUCT_NAME = "$(TARGET_NAME)";
			};
			name = Debug;
		};
		76DEA30528E02AD9006C3D06 /* Release */ = {
			isa = XCBuildConfiguration;
			buildSettings = {
				CODE_SIGN_STYLE = Automatic;
				DEVELOPMENT_TEAM = Y7PRM9H29K;
				ENABLE_HARDENED_RUNTIME = YES;
				PRODUCT_NAME = "$(TARGET_NAME)";
			};
			name = Release;
		};
/* End XCBuildConfiguration section */

/* Begin XCConfigurationList section */
		76DEA2F728E02AD9006C3D06 /* Build configuration list for PBXProject "Practice" */ = {
			isa = XCConfigurationList;
			buildConfigurations = (
				76DEA30128E02AD9006C3D06 /* Debug */,
				76DEA30228E02AD9006C3D06 /* Release */,
			);
			defaultConfigurationIsVisible = 0;
			defaultConfigurationName = Release;
		};
		76DEA30328E02AD9006C3D06 /* Build configuration list for PBXNativeTarget "Practice" */ = {
			isa = XCConfigurationList;
			buildConfigurations = (
				76DEA30428E02AD9006C3D06 /* Debug */,
				76DEA30528E02AD9006C3D06 /* Release */,
			);
			defaultConfigurationIsVisible = 0;
			defaultConfigurationName = Release;
		};
/* End XCConfigurationList section */
	};
	rootObject = 76DEA2F428E02AD9006C3D06 /* Project object */;
}
